
Microsoft Visual Studio Solution File, Format Version 12.00
# Visual Studio Version 16
VisualStudioVersion = 16.0.29613.14
MinimumVisualStudioVersion = 10.0.40219.1
Project("{FAE04EC0-301F-11D3-BF4B-00C04F79EFBC}") = "PROJECT_FIN_ETUDE", "PROJECT_FIN_ETUDE.csproj", "{BA10C99E-BC7B-47CA-B581-F170955E5999}"
EndProject
Global
	GlobalSection(SolutionConfigurationPlatforms) = preSolution
		Debug|Any CPU = Debug|Any CPU
		Release|Any CPU = Release|Any CPU
	EndGlobalSection
	GlobalSection(ProjectConfigurationPlatforms) = postSolution
		{BA10C99E-BC7B-47CA-B581-F170955E5999}.Debug|Any CPU.ActiveCfg = Debug|Any CPU
		{BA10C99E-BC7B-47CA-B581-F170955E5999}.Debug|Any CPU.Build.0 = Debug|Any CPU
		{BA10C99E-BC7B-47CA-B581-F170955E5999}.Release|Any CPU.ActiveCfg = Release|Any CPU
		{BA10C99E-BC7B-47CA-B581-F170955E5999}.Release|Any CPU.Build.0 = Release|Any CPU
	EndGlobalSection
	GlobalSection(SolutionProperties) = preSolution
		HideSolutionNode = FALSE
	EndGlobalSection
	GlobalSection(ExtensibilityGlobals) = postSolution
		SolutionGuid = {A14A9057-43B8-47F5-A01C-30A0C835A895}
	EndGlobalSection
EndGlobal
